
Microsoft Visual Studio Solution File, Format Version 12.00
# Visual Studio Version 16
VisualStudioVersion = 16.0.30114.105
MinimumVisualStudioVersion = 10.0.40219.1
Project("{2150E333-8FDC-42A3-9474-1A3956D46DE8}") = "src", "src", "{3C6EF0FD-6121-4E81-B6DF-84A0D4B4C416}"
EndProject
Project("{FAE04EC0-301F-11D3-BF4B-00C04F79EFBC}") = "HF.CLI", "src\HF.CLI\HF.CLI.csproj", "{964527B2-ED14-4369-96F8-58C3666CE5E5}"
EndProject
Global
	GlobalSection(SolutionConfigurationPlatforms) = preSolution
		Debug|Any CPU = Debug|Any CPU
		Release|Any CPU = Release|Any CPU
	EndGlobalSection
	GlobalSection(SolutionProperties) = preSolution
		HideSolutionNode = FALSE
	EndGlobalSection
	GlobalSection(ProjectConfigurationPlatforms) = postSolution
		{964527B2-ED14-4369-96F8-58C3666CE5E5}.Debug|Any CPU.ActiveCfg = Debug|Any CPU
		{964527B2-ED14-4369-96F8-58C3666CE5E5}.Debug|Any CPU.Build.0 = Debug|Any CPU
		{964527B2-ED14-4369-96F8-58C3666CE5E5}.Release|Any CPU.ActiveCfg = Release|Any CPU
		{964527B2-ED14-4369-96F8-58C3666CE5E5}.Release|Any CPU.Build.0 = Release|Any CPU
	EndGlobalSection
	GlobalSection(NestedProjects) = preSolution
		{964527B2-ED14-4369-96F8-58C3666CE5E5} = {3C6EF0FD-6121-4E81-B6DF-84A0D4B4C416}
	EndGlobalSection
EndGlobal
